
Microsoft Visual Studio Solution File, Format Version 12.00
# Visual Studio Version 17
VisualStudioVersion = 17.11.35303.130
MinimumVisualStudioVersion = 10.0.40219.1
Project("{FAE04EC0-301F-11D3-BF4B-00C04F79EFBC}") = "Componentes", "Componentes.csproj", "{3E8F2278-2DE0-401F-8B43-372589AC1DEA}"
EndProject
Global
	GlobalSection(SolutionConfigurationPlatforms) = preSolution
		Debug|Any CPU = Debug|Any CPU
		Release|Any CPU = Release|Any CPU
	EndGlobalSection
	GlobalSection(ProjectConfigurationPlatforms) = postSolution
		{3E8F2278-2DE0-401F-8B43-372589AC1DEA}.Debug|Any CPU.ActiveCfg = Debug|Any CPU
		{3E8F2278-2DE0-401F-8B43-372589AC1DEA}.Debug|Any CPU.Build.0 = Debug|Any CPU
		{3E8F2278-2DE0-401F-8B43-372589AC1DEA}.Release|Any CPU.ActiveCfg = Release|Any CPU
		{3E8F2278-2DE0-401F-8B43-372589AC1DEA}.Release|Any CPU.Build.0 = Release|Any CPU
	EndGlobalSection
	GlobalSection(SolutionProperties) = preSolution
		HideSolutionNode = FALSE
	EndGlobalSection
	GlobalSection(ExtensibilityGlobals) = postSolution
		SolutionGuid = {A6EB3F2C-03F2-42F0-B8A7-3A4B37C08C9F}
	EndGlobalSection
EndGlobal
