
Microsoft Visual Studio Solution File, Format Version 12.00
# Visual Studio Version 17
VisualStudioVersion = 17.11.35303.130
MinimumVisualStudioVersion = 10.0.40219.1
Project("{FAE04EC0-301F-11D3-BF4B-00C04F79EFBC}") = "ProgramaAlgoritmo", "ProgramaAlgoritmo.csproj", "{A1446E9D-79B2-491D-8A03-12F9215F93AF}"
EndProject
Global
	GlobalSection(SolutionConfigurationPlatforms) = preSolution
		Debug|Any CPU = Debug|Any CPU
		Release|Any CPU = Release|Any CPU
	EndGlobalSection
	GlobalSection(ProjectConfigurationPlatforms) = postSolution
		{A1446E9D-79B2-491D-8A03-12F9215F93AF}.Debug|Any CPU.ActiveCfg = Debug|Any CPU
		{A1446E9D-79B2-491D-8A03-12F9215F93AF}.Debug|Any CPU.Build.0 = Debug|Any CPU
		{A1446E9D-79B2-491D-8A03-12F9215F93AF}.Release|Any CPU.ActiveCfg = Release|Any CPU
		{A1446E9D-79B2-491D-8A03-12F9215F93AF}.Release|Any CPU.Build.0 = Release|Any CPU
	EndGlobalSection
	GlobalSection(SolutionProperties) = preSolution
		HideSolutionNode = FALSE
	EndGlobalSection
	GlobalSection(ExtensibilityGlobals) = postSolution
		SolutionGuid = {5DEA192F-5283-40B6-A53F-55BD82001D4E}
	EndGlobalSection
EndGlobal
