
Microsoft Visual Studio Solution File, Format Version 12.00
# Visual Studio Version 17
VisualStudioVersion = 17.11.35303.130
MinimumVisualStudioVersion = 10.0.40219.1
Project("{FAE04EC0-301F-11D3-BF4B-00C04F79EFBC}") = "AlgoritRecur", "AlgoritRecur.csproj", "{7A939695-F417-4D73-A5B5-69C451EFEAE6}"
EndProject
Global
	GlobalSection(SolutionConfigurationPlatforms) = preSolution
		Debug|Any CPU = Debug|Any CPU
		Release|Any CPU = Release|Any CPU
	EndGlobalSection
	GlobalSection(ProjectConfigurationPlatforms) = postSolution
		{7A939695-F417-4D73-A5B5-69C451EFEAE6}.Debug|Any CPU.ActiveCfg = Debug|Any CPU
		{7A939695-F417-4D73-A5B5-69C451EFEAE6}.Debug|Any CPU.Build.0 = Debug|Any CPU
		{7A939695-F417-4D73-A5B5-69C451EFEAE6}.Release|Any CPU.ActiveCfg = Release|Any CPU
		{7A939695-F417-4D73-A5B5-69C451EFEAE6}.Release|Any CPU.Build.0 = Release|Any CPU
	EndGlobalSection
	GlobalSection(SolutionProperties) = preSolution
		HideSolutionNode = FALSE
	EndGlobalSection
	GlobalSection(ExtensibilityGlobals) = postSolution
		SolutionGuid = {19031CF5-6BCC-4518-9E9E-50DBE002FD2E}
	EndGlobalSection
EndGlobal
