
Microsoft Visual Studio Solution File, Format Version 12.00
# Visual Studio Version 17
VisualStudioVersion = 17.11.35303.130
MinimumVisualStudioVersion = 10.0.40219.1
Project("{FAE04EC0-301F-11D3-BF4B-00C04F79EFBC}") = "Algortimos", "Algortimos.csproj", "{EE0202F6-4DD9-43C1-BD17-E2C0F7F7E954}"
EndProject
Global
	GlobalSection(SolutionConfigurationPlatforms) = preSolution
		Debug|Any CPU = Debug|Any CPU
		Release|Any CPU = Release|Any CPU
	EndGlobalSection
	GlobalSection(ProjectConfigurationPlatforms) = postSolution
		{EE0202F6-4DD9-43C1-BD17-E2C0F7F7E954}.Debug|Any CPU.ActiveCfg = Debug|Any CPU
		{EE0202F6-4DD9-43C1-BD17-E2C0F7F7E954}.Debug|Any CPU.Build.0 = Debug|Any CPU
		{EE0202F6-4DD9-43C1-BD17-E2C0F7F7E954}.Release|Any CPU.ActiveCfg = Release|Any CPU
		{EE0202F6-4DD9-43C1-BD17-E2C0F7F7E954}.Release|Any CPU.Build.0 = Release|Any CPU
	EndGlobalSection
	GlobalSection(SolutionProperties) = preSolution
		HideSolutionNode = FALSE
	EndGlobalSection
	GlobalSection(ExtensibilityGlobals) = postSolution
		SolutionGuid = {CB2D5D92-10A6-486B-9F5D-F1BFFA7AC4D4}
	EndGlobalSection
EndGlobal
