
Microsoft Visual Studio Solution File, Format Version 12.00
# Visual Studio Version 17
VisualStudioVersion = 17.11.35303.130
MinimumVisualStudioVersion = 10.0.40219.1
Project("{FAE04EC0-301F-11D3-BF4B-00C04F79EFBC}") = "mibiblioteca", "mibiblioteca.csproj", "{18CD1E52-16CF-45CF-8023-0471D013CFB9}"
EndProject
Global
	GlobalSection(SolutionConfigurationPlatforms) = preSolution
		Debug|Any CPU = Debug|Any CPU
		Release|Any CPU = Release|Any CPU
	EndGlobalSection
	GlobalSection(ProjectConfigurationPlatforms) = postSolution
		{18CD1E52-16CF-45CF-8023-0471D013CFB9}.Debug|Any CPU.ActiveCfg = Debug|Any CPU
		{18CD1E52-16CF-45CF-8023-0471D013CFB9}.Debug|Any CPU.Build.0 = Debug|Any CPU
		{18CD1E52-16CF-45CF-8023-0471D013CFB9}.Release|Any CPU.ActiveCfg = Release|Any CPU
		{18CD1E52-16CF-45CF-8023-0471D013CFB9}.Release|Any CPU.Build.0 = Release|Any CPU
	EndGlobalSection
	GlobalSection(SolutionProperties) = preSolution
		HideSolutionNode = FALSE
	EndGlobalSection
	GlobalSection(ExtensibilityGlobals) = postSolution
		SolutionGuid = {EE443655-46FB-4F10-813E-5913772B3F40}
	EndGlobalSection
EndGlobal
